// !$*UTF8*$!
{
	archiveVersion = 1;
	classes = {
	};
	objectVersion = 51;
	objects = {

/* Begin PBXBuildFile section */
		53B8A0B5244FDEE10008C85A /* LaunchScreen.storyboard in Resources */ = {isa = PBXBuildFile; fileRef = 53B8A0AA244FDEE10008C85A /* LaunchScreen.storyboard */; };
		53B8A0B6244FDEE10008C85A /* AppDelegate.swift in Sources */ = {isa = PBXBuildFile; fileRef = 53B8A0AC244FDEE10008C85A /* AppDelegate.swift */; };
		53B8A0B7244FDEE10008C85A /* Storyboard.storyboard in Resources */ = {isa = PBXBuildFile; fileRef = 53B8A0AD244FDEE10008C85A /* Storyboard.storyboard */; };
		53B8A0B8244FDEE10008C85A /* UnifyVC.swift in Sources */ = {isa = PBXBuildFile; fileRef = 53B8A0AF244FDEE10008C85A /* UnifyVC.swift */; };
		53B8A0B9244FDEE10008C85A /* PushAuthVC.swift in Sources */ = {isa = PBXBuildFile; fileRef = 53B8A0B0244FDEE10008C85A /* PushAuthVC.swift */; };
		53B8A0BA244FDEE10008C85A /* Assets.xcassets in Resources */ = {isa = PBXBuildFile; fileRef = 53B8A0B1244FDEE10008C85A /* Assets.xcassets */; };
		53B8A0BB244FDEE10008C85A /* SettingsVC.swift in Sources */ = {isa = PBXBuildFile; fileRef = 53B8A0B2244FDEE10008C85A /* SettingsVC.swift */; };
		53B8A0BC244FDEE10008C85A /* HumanDetectVC.swift in Sources */ = {isa = PBXBuildFile; fileRef = 53B8A0B3244FDEE10008C85A /* HumanDetectVC.swift */; };
		9F2E6115E8724D823B9BDBE4 /* Pods_UnifyIDDemo.framework in Frameworks */ = {isa = PBXBuildFile; fileRef = 610DAD7EB2C4112D91C2B14E /* Pods_UnifyIDDemo.framework */; };
/* End PBXBuildFile section */

/* Begin PBXFileReference section */
		0AB57446988DF36F219C6122 /* Pods-UnifyIDDemo.release.xcconfig */ = {isa = PBXFileReference; includeInIndex = 1; lastKnownFileType = text.xcconfig; name = "Pods-UnifyIDDemo.release.xcconfig"; path = "Target Support Files/Pods-UnifyIDDemo/Pods-UnifyIDDemo.release.xcconfig"; sourceTree = "<group>"; };
		5340B26C2466145D00D8F96D /* Info.plist */ = {isa = PBXFileReference; fileEncoding = 4; lastKnownFileType = text.plist.xml; path = Info.plist; sourceTree = "<group>"; };
		53673194242E6E99006EFBC3 /* UnifyIDDemo.app */ = {isa = PBXFileReference; explicitFileType = wrapper.application; includeInIndex = 0; path = UnifyIDDemo.app; sourceTree = BUILT_PRODUCTS_DIR; };
		53B8A0AB244FDEE10008C85A /* Base */ = {isa = PBXFileReference; lastKnownFileType = file.storyboard; name = Base; path = LaunchScreen.storyboard; sourceTree = "<group>"; };
		53B8A0AC244FDEE10008C85A /* AppDelegate.swift */ = {isa = PBXFileReference; fileEncoding = 4; lastKnownFileType = sourcecode.swift; name = AppDelegate.swift; path = UnifyIDDemo/AppDelegate.swift; sourceTree = SOURCE_ROOT; };
		53B8A0AD244FDEE10008C85A /* Storyboard.storyboard */ = {isa = PBXFileReference; fileEncoding = 4; lastKnownFileType = file.storyboard; name = Storyboard.storyboard; path = UnifyIDDemo/Storyboard.storyboard; sourceTree = SOURCE_ROOT; };
		53B8A0AF244FDEE10008C85A /* UnifyVC.swift */ = {isa = PBXFileReference; fileEncoding = 4; lastKnownFileType = sourcecode.swift; name = UnifyVC.swift; path = UnifyIDDemo/UnifyVC.swift; sourceTree = SOURCE_ROOT; };
		53B8A0B0244FDEE10008C85A /* PushAuthVC.swift */ = {isa = PBXFileReference; fileEncoding = 4; lastKnownFileType = sourcecode.swift; name = PushAuthVC.swift; path = UnifyIDDemo/PushAuthVC.swift; sourceTree = SOURCE_ROOT; };
		53B8A0B1244FDEE10008C85A /* Assets.xcassets */ = {isa = PBXFileReference; lastKnownFileType = folder.assetcatalog; name = Assets.xcassets; path = UnifyIDDemo/Assets.xcassets; sourceTree = SOURCE_ROOT; };
		53B8A0B2244FDEE10008C85A /* SettingsVC.swift */ = {isa = PBXFileReference; fileEncoding = 4; lastKnownFileType = sourcecode.swift; name = SettingsVC.swift; path = UnifyIDDemo/SettingsVC.swift; sourceTree = SOURCE_ROOT; };
		53B8A0B3244FDEE10008C85A /* HumanDetectVC.swift */ = {isa = PBXFileReference; fileEncoding = 4; lastKnownFileType = sourcecode.swift; name = HumanDetectVC.swift; path = UnifyIDDemo/HumanDetectVC.swift; sourceTree = SOURCE_ROOT; };
		53B8A0BE244FDF800008C85A /* UnifyIDDemo.entitlements */ = {isa = PBXFileReference; lastKnownFileType = text.plist.entitlements; name = UnifyIDDemo.entitlements; path = UnifyIDDemo/UnifyIDDemo.entitlements; sourceTree = SOURCE_ROOT; };
		610DAD7EB2C4112D91C2B14E /* Pods_UnifyIDDemo.framework */ = {isa = PBXFileReference; explicitFileType = wrapper.framework; includeInIndex = 0; path = Pods_UnifyIDDemo.framework; sourceTree = BUILT_PRODUCTS_DIR; };
		E3FA37ACF9F5620402F9D036 /* Pods-UnifyIDDemo.debug.xcconfig */ = {isa = PBXFileReference; includeInIndex = 1; lastKnownFileType = text.xcconfig; name = "Pods-UnifyIDDemo.debug.xcconfig"; path = "Target Support Files/Pods-UnifyIDDemo/Pods-UnifyIDDemo.debug.xcconfig"; sourceTree = "<group>"; };
/* End PBXFileReference section */

/* Begin PBXFrameworksBuildPhase section */
		53673191242E6E99006EFBC3 /* Frameworks */ = {
			isa = PBXFrameworksBuildPhase;
			buildActionMask = 2147483647;
			files = (
				9F2E6115E8724D823B9BDBE4 /* Pods_UnifyIDDemo.framework in Frameworks */,
			);
			runOnlyForDeploymentPostprocessing = 0;
		};
/* End PBXFrameworksBuildPhase section */

/* Begin PBXGroup section */
		5367318B242E6E99006EFBC3 = {
			isa = PBXGroup;
			children = (
				5340B26C2466145D00D8F96D /* Info.plist */,
				53673196242E6E99006EFBC3 /* UnifyIDDemo */,
				53673195242E6E99006EFBC3 /* Products */,
				CE5D2E3577D2D12E24EB43DE /* Pods */,
				6D9C7267767460FEFBE80704 /* Frameworks */,
			);
			sourceTree = "<group>";
		};
		53673195242E6E99006EFBC3 /* Products */ = {
			isa = PBXGroup;
			children = (
				53673194242E6E99006EFBC3 /* UnifyIDDemo.app */,
			);
			name = Products;
			sourceTree = "<group>";
		};
		53673196242E6E99006EFBC3 /* UnifyIDDemo */ = {
			isa = PBXGroup;
			children = (
				53B8A0BE244FDF800008C85A /* UnifyIDDemo.entitlements */,
				53B8A0AC244FDEE10008C85A /* AppDelegate.swift */,
				53B8A0B1244FDEE10008C85A /* Assets.xcassets */,
				53B8A0A9244FDEE10008C85A /* Base.lproj */,
				53B8A0B3244FDEE10008C85A /* HumanDetectVC.swift */,
				53B8A0B0244FDEE10008C85A /* PushAuthVC.swift */,
				53B8A0B2244FDEE10008C85A /* SettingsVC.swift */,
				53B8A0AD244FDEE10008C85A /* Storyboard.storyboard */,
				53B8A0AF244FDEE10008C85A /* UnifyVC.swift */,
			);
			path = UnifyIDDemo;
			sourceTree = "<group>";
		};
		53B8A0A9244FDEE10008C85A /* Base.lproj */ = {
			isa = PBXGroup;
			children = (
				53B8A0AA244FDEE10008C85A /* LaunchScreen.storyboard */,
			);
			name = Base.lproj;
			path = UnifyIDDemo/Base.lproj;
			sourceTree = SOURCE_ROOT;
		};
		6D9C7267767460FEFBE80704 /* Frameworks */ = {
			isa = PBXGroup;
			children = (
				610DAD7EB2C4112D91C2B14E /* Pods_UnifyIDDemo.framework */,
			);
			name = Frameworks;
			sourceTree = "<group>";
		};
		CE5D2E3577D2D12E24EB43DE /* Pods */ = {
			isa = PBXGroup;
			children = (
				E3FA37ACF9F5620402F9D036 /* Pods-UnifyIDDemo.debug.xcconfig */,
				0AB57446988DF36F219C6122 /* Pods-UnifyIDDemo.release.xcconfig */,
			);
			path = Pods;
			sourceTree = "<group>";
		};
/* End PBXGroup section */

/* Begin PBXNativeTarget section */
		53673193242E6E99006EFBC3 /* UnifyIDDemo */ = {
			isa = PBXNativeTarget;
			buildConfigurationList = 536731A8242E6E9A006EFBC3 /* Build configuration list for PBXNativeTarget "UnifyIDDemo" */;
			buildPhases = (
				97DC41037CCBB2F2A7436B9F /* [CP] Check Pods Manifest.lock */,
				53673190242E6E99006EFBC3 /* Sources */,
				53673191242E6E99006EFBC3 /* Frameworks */,
				53673192242E6E99006EFBC3 /* Resources */,
				AFAD90429C8FA1F51243BC17 /* [CP] Embed Pods Frameworks */,
			);
			buildRules = (
			);
			dependencies = (
			);
			name = UnifyIDDemo;
			productName = UnifyIDDemo;
			productReference = 53673194242E6E99006EFBC3 /* UnifyIDDemo.app */;
			productType = "com.apple.product-type.application";
		};
/* End PBXNativeTarget section */

/* Begin PBXProject section */
		5367318C242E6E99006EFBC3 /* Project object */ = {
			isa = PBXProject;
			attributes = {
				LastSwiftUpdateCheck = 1130;
				LastUpgradeCheck = 1130;
				ORGANIZATIONNAME = UnifyID;
				TargetAttributes = {
					53673193242E6E99006EFBC3 = {
						CreatedOnToolsVersion = 11.3;
						LastSwiftMigration = 1140;
						ProvisioningStyle = Automatic;
					};
				};
			};
			buildConfigurationList = 5367318F242E6E99006EFBC3 /* Build configuration list for PBXProject "UnifyIDDemo" */;
			compatibilityVersion = "Xcode 9.3";
			developmentRegion = en;
			hasScannedForEncodings = 0;
			knownRegions = (
				en,
				Base,
			);
			mainGroup = 5367318B242E6E99006EFBC3;
			productRefGroup = 53673195242E6E99006EFBC3 /* Products */;
			projectDirPath = "";
			projectRoot = "";
			targets = (
				53673193242E6E99006EFBC3 /* UnifyIDDemo */,
			);
		};
/* End PBXProject section */

/* Begin PBXResourcesBuildPhase section */
		53673192242E6E99006EFBC3 /* Resources */ = {
			isa = PBXResourcesBuildPhase;
			buildActionMask = 2147483647;
			files = (
				53B8A0B5244FDEE10008C85A /* LaunchScreen.storyboard in Resources */,
				53B8A0BA244FDEE10008C85A /* Assets.xcassets in Resources */,
				53B8A0B7244FDEE10008C85A /* Storyboard.storyboard in Resources */,
			);
			runOnlyForDeploymentPostprocessing = 0;
		};
/* End PBXResourcesBuildPhase section */

/* Begin PBXShellScriptBuildPhase section */
		97DC41037CCBB2F2A7436B9F /* [CP] Check Pods Manifest.lock */ = {
			isa = PBXShellScriptBuildPhase;
			buildActionMask = 2147483647;
			files = (
			);
			inputFileListPaths = (
			);
			inputPaths = (
				"${PODS_PODFILE_DIR_PATH}/Podfile.lock",
				"${PODS_ROOT}/Manifest.lock",
			);
			name = "[CP] Check Pods Manifest.lock";
			outputFileListPaths = (
			);
			outputPaths = (
				"$(DERIVED_FILE_DIR)/Pods-UnifyIDDemo-checkManifestLockResult.txt",
			);
			runOnlyForDeploymentPostprocessing = 0;
			shellPath = /bin/sh;
			shellScript = "diff \"${PODS_PODFILE_DIR_PATH}/Podfile.lock\" \"${PODS_ROOT}/Manifest.lock\" > /dev/null\nif [ $? != 0 ] ; then\n    # print error to STDERR\n    echo \"error: The sandbox is not in sync with the Podfile.lock. Run 'pod install' or update your CocoaPods installation.\" >&2\n    exit 1\nfi\n# This output is used by Xcode 'outputs' to avoid re-running this script phase.\necho \"SUCCESS\" > \"${SCRIPT_OUTPUT_FILE_0}\"\n";
			showEnvVarsInLog = 0;
		};
		AFAD90429C8FA1F51243BC17 /* [CP] Embed Pods Frameworks */ = {
			isa = PBXShellScriptBuildPhase;
			buildActionMask = 2147483647;
			files = (
			);
			inputFileListPaths = (
				"${PODS_ROOT}/Target Support Files/Pods-UnifyIDDemo/Pods-UnifyIDDemo-frameworks-${CONFIGURATION}-input-files.xcfilelist",
			);
			name = "[CP] Embed Pods Frameworks";
			outputFileListPaths = (
				"${PODS_ROOT}/Target Support Files/Pods-UnifyIDDemo/Pods-UnifyIDDemo-frameworks-${CONFIGURATION}-output-files.xcfilelist",
			);
			runOnlyForDeploymentPostprocessing = 0;
			shellPath = /bin/sh;
			shellScript = "\"${PODS_ROOT}/Target Support Files/Pods-UnifyIDDemo/Pods-UnifyIDDemo-frameworks.sh\"\n";
			showEnvVarsInLog = 0;
		};
/* End PBXShellScriptBuildPhase section */

/* Begin PBXSourcesBuildPhase section */
		53673190242E6E99006EFBC3 /* Sources */ = {
			isa = PBXSourcesBuildPhase;
			buildActionMask = 2147483647;
			files = (
				53B8A0B8244FDEE10008C85A /* UnifyVC.swift in Sources */,
				53B8A0BC244FDEE10008C85A /* HumanDetectVC.swift in Sources */,
				53B8A0BB244FDEE10008C85A /* SettingsVC.swift in Sources */,
				53B8A0B6244FDEE10008C85A /* AppDelegate.swift in Sources */,
				53B8A0B9244FDEE10008C85A /* PushAuthVC.swift in Sources */,
			);
			runOnlyForDeploymentPostprocessing = 0;
		};
/* End PBXSourcesBuildPhase section */

/* Begin PBXVariantGroup section */
		53B8A0AA244FDEE10008C85A /* LaunchScreen.storyboard */ = {
			isa = PBXVariantGroup;
			children = (
				53B8A0AB244FDEE10008C85A /* Base */,
			);
			name = LaunchScreen.storyboard;
			sourceTree = "<group>";
		};
/* End PBXVariantGroup section */

/* Begin XCBuildConfiguration section */
		536731A6242E6E9A006EFBC3 /* Debug */ = {
			isa = XCBuildConfiguration;
			buildSettings = {
				ALWAYS_SEARCH_USER_PATHS = NO;
				CLANG_ANALYZER_NONNULL = YES;
				CLANG_ANALYZER_NUMBER_OBJECT_CONVERSION = YES_AGGRESSIVE;
				CLANG_CXX_LANGUAGE_STANDARD = "gnu++14";
				CLANG_CXX_LIBRARY = "libc++";
				CLANG_ENABLE_MODULES = YES;
				CLANG_ENABLE_OBJC_ARC = YES;
				CLANG_ENABLE_OBJC_WEAK = YES;
				CLANG_WARN_BLOCK_CAPTURE_AUTORELEASING = YES;
				CLANG_WARN_BOOL_CONVERSION = YES;
				CLANG_WARN_COMMA = YES;
				CLANG_WARN_CONSTANT_CONVERSION = YES;
				CLANG_WARN_DEPRECATED_OBJC_IMPLEMENTATIONS = YES;
				CLANG_WARN_DIRECT_OBJC_ISA_USAGE = YES_ERROR;
				CLANG_WARN_DOCUMENTATION_COMMENTS = YES;
				CLANG_WARN_EMPTY_BODY = YES;
				CLANG_WARN_ENUM_CONVERSION = YES;
				CLANG_WARN_INFINITE_RECURSION = YES;
				CLANG_WARN_INT_CONVERSION = YES;
				CLANG_WARN_NON_LITERAL_NULL_CONVERSION = YES;
				CLANG_WARN_OBJC_IMPLICIT_RETAIN_SELF = YES;
				CLANG_WARN_OBJC_LITERAL_CONVERSION = YES;
				CLANG_WARN_OBJC_ROOT_CLASS = YES_ERROR;
				CLANG_WARN_RANGE_LOOP_ANALYSIS = YES;
				CLANG_WARN_STRICT_PROTOTYPES = YES;
				CLANG_WARN_SUSPICIOUS_MOVE = YES;
				CLANG_WARN_UNGUARDED_AVAILABILITY = YES_AGGRESSIVE;
				CLANG_WARN_UNREACHABLE_CODE = YES;
				CLANG_WARN__DUPLICATE_METHOD_MATCH = YES;
				COPY_PHASE_STRIP = NO;
				DEBUG_INFORMATION_FORMAT = dwarf;
				ENABLE_STRICT_OBJC_MSGSEND = YES;
				ENABLE_TESTABILITY = YES;
				GCC_C_LANGUAGE_STANDARD = gnu11;
				GCC_DYNAMIC_NO_PIC = NO;
				GCC_NO_COMMON_BLOCKS = YES;
				GCC_OPTIMIZATION_LEVEL = 0;
				GCC_PREPROCESSOR_DEFINITIONS = (
					"DEBUG=1",
					"$(inherited)",
				);
				GCC_WARN_64_TO_32_BIT_CONVERSION = YES;
				GCC_WARN_ABOUT_RETURN_TYPE = YES_ERROR;
				GCC_WARN_UNDECLARED_SELECTOR = YES;
				GCC_WARN_UNINITIALIZED_AUTOS = YES_AGGRESSIVE;
				GCC_WARN_UNUSED_FUNCTION = YES;
				GCC_WARN_UNUSED_VARIABLE = YES;
				IPHONEOS_DEPLOYMENT_TARGET = 10.0;
				MTL_ENABLE_DEBUG_INFO = INCLUDE_SOURCE;
				MTL_FAST_MATH = YES;
				ONLY_ACTIVE_ARCH = YES;
				SDKROOT = iphoneos;
				SWIFT_ACTIVE_COMPILATION_CONDITIONS = DEBUG;
				SWIFT_OPTIMIZATION_LEVEL = "-Onone";
				SWIFT_VERSION = 4.2;
			};
			name = Debug;
		};
		536731A7242E6E9A006EFBC3 /* Release */ = {
			isa = XCBuildConfiguration;
			buildSettings = {
				ALWAYS_SEARCH_USER_PATHS = NO;
				CLANG_ANALYZER_NONNULL = YES;
				CLANG_ANALYZER_NUMBER_OBJECT_CONVERSION = YES_AGGRESSIVE;
				CLANG_CXX_LANGUAGE_STANDARD = "gnu++14";
				CLANG_CXX_LIBRARY = "libc++";
				CLANG_ENABLE_MODULES = YES;
				CLANG_ENABLE_OBJC_ARC = YES;
				CLANG_ENABLE_OBJC_WEAK = YES;
				CLANG_WARN_BLOCK_CAPTURE_AUTORELEASING = YES;
				CLANG_WARN_BOOL_CONVERSION = YES;
				CLANG_WARN_COMMA = YES;
				CLANG_WARN_CONSTANT_CONVERSION = YES;
				CLANG_WARN_DEPRECATED_OBJC_IMPLEMENTATIONS = YES;
				CLANG_WARN_DIRECT_OBJC_ISA_USAGE = YES_ERROR;
				CLANG_WARN_DOCUMENTATION_COMMENTS = YES;
				CLANG_WARN_EMPTY_BODY = YES;
				CLANG_WARN_ENUM_CONVERSION = YES;
				CLANG_WARN_INFINITE_RECURSION = YES;
				CLANG_WARN_INT_CONVERSION = YES;
				CLANG_WARN_NON_LITERAL_NULL_CONVERSION = YES;
				CLANG_WARN_OBJC_IMPLICIT_RETAIN_SELF = YES;
				CLANG_WARN_OBJC_LITERAL_CONVERSION = YES;
				CLANG_WARN_OBJC_ROOT_CLASS = YES_ERROR;
				CLANG_WARN_RANGE_LOOP_ANALYSIS = YES;
				CLANG_WARN_STRICT_PROTOTYPES = YES;
				CLANG_WARN_SUSPICIOUS_MOVE = YES;
				CLANG_WARN_UNGUARDED_AVAILABILITY = YES_AGGRESSIVE;
				CLANG_WARN_UNREACHABLE_CODE = YES;
				CLANG_WARN__DUPLICATE_METHOD_MATCH = YES;
				COPY_PHASE_STRIP = NO;
				DEBUG_INFORMATION_FORMAT = "dwarf-with-dsym";
				ENABLE_NS_ASSERTIONS = NO;
				ENABLE_STRICT_OBJC_MSGSEND = YES;
				GCC_C_LANGUAGE_STANDARD = gnu11;
				GCC_NO_COMMON_BLOCKS = YES;
				GCC_WARN_64_TO_32_BIT_CONVERSION = YES;
				GCC_WARN_ABOUT_RETURN_TYPE = YES_ERROR;
				GCC_WARN_UNDECLARED_SELECTOR = YES;
				GCC_WARN_UNINITIALIZED_AUTOS = YES_AGGRESSIVE;
				GCC_WARN_UNUSED_FUNCTION = YES;
				GCC_WARN_UNUSED_VARIABLE = YES;
				IPHONEOS_DEPLOYMENT_TARGET = 10.0;
				MTL_ENABLE_DEBUG_INFO = NO;
				MTL_FAST_MATH = YES;
				SDKROOT = iphoneos;
				SWIFT_COMPILATION_MODE = wholemodule;
				SWIFT_OPTIMIZATION_LEVEL = "-O";
				SWIFT_VERSION = 4.2;
				VALIDATE_PRODUCT = YES;
			};
			name = Release;
		};
		536731A9242E6E9A006EFBC3 /* Debug */ = {
			isa = XCBuildConfiguration;
			baseConfigurationReference = E3FA37ACF9F5620402F9D036 /* Pods-UnifyIDDemo.debug.xcconfig */;
			buildSettings = {
				ASSETCATALOG_COMPILER_APPICON_NAME = AppIcon;
				CLANG_ENABLE_MODULES = YES;
				CODE_SIGN_ENTITLEMENTS = UnifyIDDemo/UnifyIDDemo.entitlements;
				CODE_SIGN_IDENTITY = "iPhone Distribution";
				CODE_SIGN_STYLE = Automatic;
				CURRENT_PROJECT_VERSION = 202004271452;
				DEVELOPMENT_TEAM = SBD89XZSYG;
				INFOPLIST_FILE = Info.plist;
				LD_RUNPATH_SEARCH_PATHS = (
					"$(inherited)",
					"@executable_path/Frameworks",
				);
				MARKETING_VERSION = 1.4;
				PRODUCT_BUNDLE_IDENTIFIER = id.unify.UnifyIDDemo;
				PRODUCT_NAME = "$(TARGET_NAME)";
				PROVISIONING_PROFILE_SPECIFIER = "match AppStore id.unify.UnifyDemo";
				SWIFT_OPTIMIZATION_LEVEL = "-Onone";
				SWIFT_VERSION = 5.0;
				TARGETED_DEVICE_FAMILY = "1,2";
			};
			name = Debug;
		};
		536731AA242E6E9A006EFBC3 /* Release */ = {
			isa = XCBuildConfiguration;
			baseConfigurationReference = 0AB57446988DF36F219C6122 /* Pods-UnifyIDDemo.release.xcconfig */;
			buildSettings = {
				ASSETCATALOG_COMPILER_APPICON_NAME = AppIcon;
				CLANG_ENABLE_MODULES = YES;
				CODE_SIGN_ENTITLEMENTS = UnifyIDDemo/UnifyIDDemo.entitlements;
				CODE_SIGN_IDENTITY = "iPhone Distribution";
				CODE_SIGN_STYLE = Automatic;
				CURRENT_PROJECT_VERSION = 202004271452;
				DEVELOPMENT_TEAM = SBD89XZSYG;
				INFOPLIST_FILE = Info.plist;
				LD_RUNPATH_SEARCH_PATHS = (
					"$(inherited)",
					"@executable_path/Frameworks",
				);
				MARKETING_VERSION = 1.4;
				PRODUCT_BUNDLE_IDENTIFIER = id.unify.UnifyIDDemo;
				PRODUCT_NAME = "$(TARGET_NAME)";
				PROVISIONING_PROFILE_SPECIFIER = "match AppStore id.unify.UnifyDemo";
				SWIFT_VERSION = 5.0;
				TARGETED_DEVICE_FAMILY = "1,2";
			};
			name = Release;
		};
/* End XCBuildConfiguration section */

/* Begin XCConfigurationList section */
		5367318F242E6E99006EFBC3 /* Build configuration list for PBXProject "UnifyIDDemo" */ = {
			isa = XCConfigurationList;
			buildConfigurations = (
				536731A6242E6E9A006EFBC3 /* Debug */,
				536731A7242E6E9A006EFBC3 /* Release */,
			);
			defaultConfigurationIsVisible = 0;
			defaultConfigurationName = Release;
		};
		536731A8242E6E9A006EFBC3 /* Build configuration list for PBXNativeTarget "UnifyIDDemo" */ = {
			isa = XCConfigurationList;
			buildConfigurations = (
				536731A9242E6E9A006EFBC3 /* Debug */,
				536731AA242E6E9A006EFBC3 /* Release */,
			);
			defaultConfigurationIsVisible = 0;
			defaultConfigurationName = Release;
		};
/* End XCConfigurationList section */
	};
	rootObject = 5367318C242E6E99006EFBC3 /* Project object */;
}
